
Microsoft Visual Studio Solution File, Format Version 12.00
Project("{FAE04EC0-301F-11D3-BF4B-00C04F79EFBC}") = "AreaNet", "AreaNet/AreaNet.csproj", "{36DCED91-7858-4BAF-96CE-DF8FA60AB1A3}"
EndProject
Project("{FAE04EC0-301F-11D3-BF4B-00C04F79EFBC}") = "AreaNet.Tests", "AreaNet.Tests\AreaNet.Tests.csproj", "{DA746AB6-867E-45EA-841D-BCA2561D28A2}"
EndProject
Global
	GlobalSection(SolutionConfigurationPlatforms) = preSolution
		Debug|Any CPU = Debug|Any CPU
		Release|Any CPU = Release|Any CPU
	EndGlobalSection
	GlobalSection(ProjectConfigurationPlatforms) = postSolution
		{36DCED91-7858-4BAF-96CE-DF8FA60AB1A3}.Debug|Any CPU.ActiveCfg = Debug|Any CPU
		{36DCED91-7858-4BAF-96CE-DF8FA60AB1A3}.Debug|Any CPU.Build.0 = Debug|Any CPU
		{36DCED91-7858-4BAF-96CE-DF8FA60AB1A3}.Release|Any CPU.ActiveCfg = Release|Any CPU
		{36DCED91-7858-4BAF-96CE-DF8FA60AB1A3}.Release|Any CPU.Build.0 = Release|Any CPU
		{DA746AB6-867E-45EA-841D-BCA2561D28A2}.Debug|Any CPU.ActiveCfg = Debug|Any CPU
		{DA746AB6-867E-45EA-841D-BCA2561D28A2}.Debug|Any CPU.Build.0 = Debug|Any CPU
		{DA746AB6-867E-45EA-841D-BCA2561D28A2}.Release|Any CPU.ActiveCfg = Release|Any CPU
		{DA746AB6-867E-45EA-841D-BCA2561D28A2}.Release|Any CPU.Build.0 = Release|Any CPU
	EndGlobalSection
EndGlobal
